
Microsoft Visual Studio Solution File, Format Version 12.00
# Visual Studio Version 17
VisualStudioVersion = 17.14.36401.2 d17.14
MinimumVisualStudioVersion = 10.0.40219.1
Project("{FAE04EC0-301F-11D3-BF4B-00C04F79EFBC}") = "ProjetoVendedores", "ProjetoVendedores\ProjetoVendedores.csproj", "{403605FD-C748-434A-B99F-94C9EF04A442}"
EndProject
Global
	GlobalSection(SolutionConfigurationPlatforms) = preSolution
		Debug|Any CPU = Debug|Any CPU
		Release|Any CPU = Release|Any CPU
	EndGlobalSection
	GlobalSection(ProjectConfigurationPlatforms) = postSolution
		{403605FD-C748-434A-B99F-94C9EF04A442}.Debug|Any CPU.ActiveCfg = Debug|Any CPU
		{403605FD-C748-434A-B99F-94C9EF04A442}.Debug|Any CPU.Build.0 = Debug|Any CPU
		{403605FD-C748-434A-B99F-94C9EF04A442}.Release|Any CPU.ActiveCfg = Release|Any CPU
		{403605FD-C748-434A-B99F-94C9EF04A442}.Release|Any CPU.Build.0 = Release|Any CPU
	EndGlobalSection
	GlobalSection(SolutionProperties) = preSolution
		HideSolutionNode = FALSE
	EndGlobalSection
	GlobalSection(ExtensibilityGlobals) = postSolution
		SolutionGuid = {2A11B0A2-02D6-4E5E-9232-89C25BD3D93B}
	EndGlobalSection
EndGlobal
